// !$*UTF8*$!
{
	archiveVersion = 1;
	classes = {
	};
	objectVersion = 55;
	objects = {

/* Begin PBXBuildFile section */
		1160B8F82EC4E0BA009162D5 /* AppIcon.icon in Resources */ = {isa = PBXBuildFile; fileRef = 1160B8F72EC4E0BA009162D5 /* AppIcon.icon */; };
		1160B8F92EC4E0BA009162D5 /* AppIcon.icon in Resources */ = {isa = PBXBuildFile; fileRef = 1160B8F72EC4E0BA009162D5 /* AppIcon.icon */; };
		11BF5B062853783A00E3490A /* Blockalicious_iOSApp.swift in Sources */ = {isa = PBXBuildFile; fileRef = 11BF5B052853783A00E3490A /* Blockalicious_iOSApp.swift */; };
		11BF5B082853783A00E3490A /* ContentView.swift in Sources */ = {isa = PBXBuildFile; fileRef = 11BF5B072853783A00E3490A /* ContentView.swift */; };
		11BF5B0A2853783B00E3490A /* Assets.xcassets in Resources */ = {isa = PBXBuildFile; fileRef = 11BF5B092853783B00E3490A /* Assets.xcassets */; };
		11BF5B24285378E100E3490A /* Content Blocker-iOS.appex in Embed Foundation Extensions */ = {isa = PBXBuildFile; fileRef = 11BF5B1B285378E100E3490A /* Content Blocker-iOS.appex */; settings = {ATTRIBUTES = (RemoveHeadersOnCopy, ); }; };
		11BF5B282853791200E3490A /* ContentBlockerRequestHandler.swift in Sources */ = {isa = PBXBuildFile; fileRef = F7E3328727AE3B2E00333EDC /* ContentBlockerRequestHandler.swift */; };
		11BF5B2B28537DCD00E3490A /* DomainsPreseed.json in Resources */ = {isa = PBXBuildFile; fileRef = F7E3327A27ADBDCA00333EDC /* DomainsPreseed.json */; };
		11BF5B2C28537DD500E3490A /* BlockerListWriter.swift in Sources */ = {isa = PBXBuildFile; fileRef = B3C5B453B95250DC7DE8B4D5 /* BlockerListWriter.swift */; };
		11BF5B2D28537DDF00E3490A /* BlockedDomain.swift in Sources */ = {isa = PBXBuildFile; fileRef = F7E3327127ADAE7000333EDC /* BlockedDomain.swift */; };
		11BF5B2E28537DE300E3490A /* Decoding.swift in Sources */ = {isa = PBXBuildFile; fileRef = F7E3327727ADB89200333EDC /* Decoding.swift */; };
		11BF5B2F28537DE800E3490A /* BlockedDomainsVim.swift in Sources */ = {isa = PBXBuildFile; fileRef = F7E3327427ADB86700333EDC /* BlockedDomainsVim.swift */; };
		11BF5B302853A45B00E3490A /* BlockerListWriter.swift in Sources */ = {isa = PBXBuildFile; fileRef = B3C5B453B95250DC7DE8B4D5 /* BlockerListWriter.swift */; };
		11BF5B312853A45B00E3490A /* BlockerListWriter.swift in Sources */ = {isa = PBXBuildFile; fileRef = B3C5B453B95250DC7DE8B4D5 /* BlockerListWriter.swift */; };
		11BF5B322853A46C00E3490A /* BlockedDomain.swift in Sources */ = {isa = PBXBuildFile; fileRef = F7E3327127ADAE7000333EDC /* BlockedDomain.swift */; };
		11BF5B332853A46D00E3490A /* BlockedDomain.swift in Sources */ = {isa = PBXBuildFile; fileRef = F7E3327127ADAE7000333EDC /* BlockedDomain.swift */; };
		11BF5B3628567CA100E3490A /* CachedAsyncImage in Frameworks */ = {isa = PBXBuildFile; productRef = 11BF5B3528567CA100E3490A /* CachedAsyncImage */; };
		11BF5B3828567CBB00E3490A /* CachedAsyncImage in Frameworks */ = {isa = PBXBuildFile; productRef = 11BF5B3728567CBB00E3490A /* CachedAsyncImage */; };
		B3C5B1BA09916A76623CC7CF /* ContentView.swift in Sources */ = {isa = PBXBuildFile; fileRef = B3C5BC5442FC3B7CD50F4C9D /* ContentView.swift */; };
		B3C5B33555D902922F4D1377 /* BlockerListWriter.swift in Sources */ = {isa = PBXBuildFile; fileRef = B3C5B453B95250DC7DE8B4D5 /* BlockerListWriter.swift */; };
		B3C5B8CFB43218731C9A9255 /* ExtensionDisabledView.swift in Sources */ = {isa = PBXBuildFile; fileRef = B3C5B8247F2D2E452CD9DDB4 /* ExtensionDisabledView.swift */; };
		F7E3326227ADAD9600333EDC /* BlockaliciousApp.swift in Sources */ = {isa = PBXBuildFile; fileRef = F7E3326127ADAD9600333EDC /* BlockaliciousApp.swift */; };
		F7E3326627ADAD9700333EDC /* Assets.xcassets in Resources */ = {isa = PBXBuildFile; fileRef = F7E3326527ADAD9700333EDC /* Assets.xcassets */; };
		F7E3327227ADAE7000333EDC /* BlockedDomain.swift in Sources */ = {isa = PBXBuildFile; fileRef = F7E3327127ADAE7000333EDC /* BlockedDomain.swift */; };
		F7E3327527ADB86700333EDC /* BlockedDomainsVim.swift in Sources */ = {isa = PBXBuildFile; fileRef = F7E3327427ADB86700333EDC /* BlockedDomainsVim.swift */; };
		F7E3327827ADB89200333EDC /* Decoding.swift in Sources */ = {isa = PBXBuildFile; fileRef = F7E3327727ADB89200333EDC /* Decoding.swift */; };
		F7E3327B27ADBDCA00333EDC /* DomainsPreseed.json in Resources */ = {isa = PBXBuildFile; fileRef = F7E3327A27ADBDCA00333EDC /* DomainsPreseed.json */; };
		F7E3328327AE3B2E00333EDC /* Cocoa.framework in Frameworks */ = {isa = PBXBuildFile; fileRef = F7E3328227AE3B2E00333EDC /* Cocoa.framework */; };
		F7E3328827AE3B2E00333EDC /* ContentBlockerRequestHandler.swift in Sources */ = {isa = PBXBuildFile; fileRef = F7E3328727AE3B2E00333EDC /* ContentBlockerRequestHandler.swift */; };
		F7E3328D27AE3B2E00333EDC /* Content Blocker.appex in Embed Foundation Extensions */ = {isa = PBXBuildFile; fileRef = F7E3328027AE3B2E00333EDC /* Content Blocker.appex */; settings = {ATTRIBUTES = (RemoveHeadersOnCopy, ); }; };
		F7FC175929EB21E80055049C /* Notification.swift in Sources */ = {isa = PBXBuildFile; fileRef = F7FC175829EB21E80055049C /* Notification.swift */; };
/* End PBXBuildFile section */

/* Begin PBXContainerItemProxy section */
		11BF5B22285378E100E3490A /* PBXContainerItemProxy */ = {
			isa = PBXContainerItemProxy;
			containerPortal = F7E3325627ADAD9600333EDC /* Project object */;
			proxyType = 1;
			remoteGlobalIDString = 11BF5B1A285378E100E3490A;
			remoteInfo = "Content Blocker-iOS";
		};
		F7E3328B27AE3B2E00333EDC /* PBXContainerItemProxy */ = {
			isa = PBXContainerItemProxy;
			containerPortal = F7E3325627ADAD9600333EDC /* Project object */;
			proxyType = 1;
			remoteGlobalIDString = F7E3327F27AE3B2E00333EDC;
			remoteInfo = "Content Blocker";
		};
/* End PBXContainerItemProxy section */

/* Begin PBXCopyFilesBuildPhase section */
		11BF5B152853786500E3490A /* Embed Foundation Extensions */ = {
			isa = PBXCopyFilesBuildPhase;
			buildActionMask = 2147483647;
			dstPath = "";
			dstSubfolderSpec = 13;
			files = (
				11BF5B24285378E100E3490A /* Content Blocker-iOS.appex in Embed Foundation Extensions */,
			);
			name = "Embed Foundation Extensions";
			runOnlyForDeploymentPostprocessing = 0;
		};
		F7E3328E27AE3B2E00333EDC /* Embed Foundation Extensions */ = {
			isa = PBXCopyFilesBuildPhase;
			buildActionMask = 2147483647;
			dstPath = "";
			dstSubfolderSpec = 13;
			files = (
				F7E3328D27AE3B2E00333EDC /* Content Blocker.appex in Embed Foundation Extensions */,
			);
			name = "Embed Foundation Extensions";
			runOnlyForDeploymentPostprocessing = 0;
		};
/* End PBXCopyFilesBuildPhase section */

/* Begin PBXFileReference section */
		1160B8F72EC4E0BA009162D5 /* AppIcon.icon */ = {isa = PBXFileReference; lastKnownFileType = folder.iconcomposer.icon; path = AppIcon.icon; sourceTree = "<group>"; };
		11BF5B032853783A00E3490A /* Blockalicious-iOS.app */ = {isa = PBXFileReference; explicitFileType = wrapper.application; includeInIndex = 0; path = "Blockalicious-iOS.app"; sourceTree = BUILT_PRODUCTS_DIR; };
		11BF5B052853783A00E3490A /* Blockalicious_iOSApp.swift */ = {isa = PBXFileReference; lastKnownFileType = sourcecode.swift; path = Blockalicious_iOSApp.swift; sourceTree = "<group>"; };
		11BF5B072853783A00E3490A /* ContentView.swift */ = {isa = PBXFileReference; lastKnownFileType = sourcecode.swift; path = ContentView.swift; sourceTree = "<group>"; };
		11BF5B092853783B00E3490A /* Assets.xcassets */ = {isa = PBXFileReference; lastKnownFileType = folder.assetcatalog; path = Assets.xcassets; sourceTree = "<group>"; };
		11BF5B112853785D00E3490A /* Info.plist */ = {isa = PBXFileReference; lastKnownFileType = text.plist; path = Info.plist; sourceTree = "<group>"; };
		11BF5B162853787500E3490A /* Blockalicious-iOS.entitlements */ = {isa = PBXFileReference; lastKnownFileType = text.plist.entitlements; path = "Blockalicious-iOS.entitlements"; sourceTree = "<group>"; };
		11BF5B1B285378E100E3490A /* Content Blocker-iOS.appex */ = {isa = PBXFileReference; explicitFileType = "wrapper.app-extension"; includeInIndex = 0; path = "Content Blocker-iOS.appex"; sourceTree = BUILT_PRODUCTS_DIR; };
		11BF5B292853792500E3490A /* Content Blocker-iOS.entitlements */ = {isa = PBXFileReference; lastKnownFileType = text.plist.entitlements; path = "Content Blocker-iOS.entitlements"; sourceTree = "<group>"; };
		B3C5B453B95250DC7DE8B4D5 /* BlockerListWriter.swift */ = {isa = PBXFileReference; fileEncoding = 4; lastKnownFileType = sourcecode.swift; path = BlockerListWriter.swift; sourceTree = "<group>"; };
		B3C5B8247F2D2E452CD9DDB4 /* ExtensionDisabledView.swift */ = {isa = PBXFileReference; fileEncoding = 4; lastKnownFileType = sourcecode.swift; path = ExtensionDisabledView.swift; sourceTree = "<group>"; };
		B3C5BC5442FC3B7CD50F4C9D /* ContentView.swift */ = {isa = PBXFileReference; fileEncoding = 4; lastKnownFileType = sourcecode.swift; path = ContentView.swift; sourceTree = "<group>"; };
		F7E0495B27B81DBA00EC9ABF /* README.md */ = {isa = PBXFileReference; lastKnownFileType = net.daringfireball.markdown; path = README.md; sourceTree = "<group>"; };
		F7E0495C27B81F1F00EC9ABF /* LICENSE.md */ = {isa = PBXFileReference; lastKnownFileType = net.daringfireball.markdown; path = LICENSE.md; sourceTree = "<group>"; };
		F7E3325E27ADAD9600333EDC /* Blockalicious.app */ = {isa = PBXFileReference; explicitFileType = wrapper.application; includeInIndex = 0; path = Blockalicious.app; sourceTree = BUILT_PRODUCTS_DIR; };
		F7E3326127ADAD9600333EDC /* BlockaliciousApp.swift */ = {isa = PBXFileReference; lastKnownFileType = sourcecode.swift; path = BlockaliciousApp.swift; sourceTree = "<group>"; };
		F7E3326527ADAD9700333EDC /* Assets.xcassets */ = {isa = PBXFileReference; lastKnownFileType = folder.assetcatalog; path = Assets.xcassets; sourceTree = "<group>"; };
		F7E3326A27ADAD9700333EDC /* Blockalicious.entitlements */ = {isa = PBXFileReference; lastKnownFileType = text.plist.entitlements; path = Blockalicious.entitlements; sourceTree = "<group>"; };
		F7E3327127ADAE7000333EDC /* BlockedDomain.swift */ = {isa = PBXFileReference; lastKnownFileType = sourcecode.swift; path = BlockedDomain.swift; sourceTree = "<group>"; };
		F7E3327427ADB86700333EDC /* BlockedDomainsVim.swift */ = {isa = PBXFileReference; lastKnownFileType = sourcecode.swift; path = BlockedDomainsVim.swift; sourceTree = "<group>"; };
		F7E3327727ADB89200333EDC /* Decoding.swift */ = {isa = PBXFileReference; lastKnownFileType = sourcecode.swift; path = Decoding.swift; sourceTree = "<group>"; };
		F7E3327A27ADBDCA00333EDC /* DomainsPreseed.json */ = {isa = PBXFileReference; lastKnownFileType = text.json; path = DomainsPreseed.json; sourceTree = "<group>"; };
		F7E3328027AE3B2E00333EDC /* Content Blocker.appex */ = {isa = PBXFileReference; explicitFileType = "wrapper.app-extension"; includeInIndex = 0; path = "Content Blocker.appex"; sourceTree = BUILT_PRODUCTS_DIR; };
		F7E3328227AE3B2E00333EDC /* Cocoa.framework */ = {isa = PBXFileReference; lastKnownFileType = wrapper.framework; name = Cocoa.framework; path = System/Library/Frameworks/Cocoa.framework; sourceTree = SDKROOT; };
		F7E3328727AE3B2E00333EDC /* ContentBlockerRequestHandler.swift */ = {isa = PBXFileReference; lastKnownFileType = sourcecode.swift; path = ContentBlockerRequestHandler.swift; sourceTree = "<group>"; };
		F7E3328927AE3B2E00333EDC /* Info.plist */ = {isa = PBXFileReference; lastKnownFileType = text.plist.xml; path = Info.plist; sourceTree = "<group>"; };
		F7E3328A27AE3B2E00333EDC /* Content_Blocker.entitlements */ = {isa = PBXFileReference; lastKnownFileType = text.plist.entitlements; path = Content_Blocker.entitlements; sourceTree = "<group>"; };
		F7E3329227AE3C5300333EDC /* Info.plist */ = {isa = PBXFileReference; lastKnownFileType = text.plist; path = Info.plist; sourceTree = "<group>"; };
		F7FC175829EB21E80055049C /* Notification.swift */ = {isa = PBXFileReference; lastKnownFileType = sourcecode.swift; path = Notification.swift; sourceTree = "<group>"; };
/* End PBXFileReference section */

/* Begin PBXFrameworksBuildPhase section */
		11BF5B002853783A00E3490A /* Frameworks */ = {
			isa = PBXFrameworksBuildPhase;
			buildActionMask = 2147483647;
			files = (
				11BF5B3828567CBB00E3490A /* CachedAsyncImage in Frameworks */,
			);
			runOnlyForDeploymentPostprocessing = 0;
		};
		11BF5B18285378E100E3490A /* Frameworks */ = {
			isa = PBXFrameworksBuildPhase;
			buildActionMask = 2147483647;
			files = (
			);
			runOnlyForDeploymentPostprocessing = 0;
		};
		F7E3325B27ADAD9600333EDC /* Frameworks */ = {
			isa = PBXFrameworksBuildPhase;
			buildActionMask = 2147483647;
			files = (
				11BF5B3628567CA100E3490A /* CachedAsyncImage in Frameworks */,
			);
			runOnlyForDeploymentPostprocessing = 0;
		};
		F7E3327D27AE3B2E00333EDC /* Frameworks */ = {
			isa = PBXFrameworksBuildPhase;
			buildActionMask = 2147483647;
			files = (
				F7E3328327AE3B2E00333EDC /* Cocoa.framework in Frameworks */,
			);
			runOnlyForDeploymentPostprocessing = 0;
		};
/* End PBXFrameworksBuildPhase section */

/* Begin PBXGroup section */
		11BF5B042853783A00E3490A /* Blockalicious-iOS */ = {
			isa = PBXGroup;
			children = (
				11BF5B2A28537B7200E3490A /* Views */,
				11BF5B162853787500E3490A /* Blockalicious-iOS.entitlements */,
				11BF5B112853785D00E3490A /* Info.plist */,
				11BF5B052853783A00E3490A /* Blockalicious_iOSApp.swift */,
				11BF5B092853783B00E3490A /* Assets.xcassets */,
			);
			path = "Blockalicious-iOS";
			sourceTree = "<group>";
		};
		11BF5B2A28537B7200E3490A /* Views */ = {
			isa = PBXGroup;
			children = (
				11BF5B072853783A00E3490A /* ContentView.swift */,
			);
			path = Views;
			sourceTree = "<group>";
		};
		B3C5B1261B48B90677A100FF /* Views */ = {
			isa = PBXGroup;
			children = (
				B3C5BC5442FC3B7CD50F4C9D /* ContentView.swift */,
				B3C5B8247F2D2E452CD9DDB4 /* ExtensionDisabledView.swift */,
			);
			path = Views;
			sourceTree = "<group>";
		};
		F7E3325527ADAD9600333EDC = {
			isa = PBXGroup;
			children = (
				F7E0495B27B81DBA00EC9ABF /* README.md */,
				F7E0495C27B81F1F00EC9ABF /* LICENSE.md */,
				F7E3326027ADAD9600333EDC /* Blockalicious */,
				11BF5B042853783A00E3490A /* Blockalicious-iOS */,
				F7E3328427AE3B2E00333EDC /* Content Blocker */,
				F7E3328127AE3B2E00333EDC /* Frameworks */,
				F7E3325F27ADAD9600333EDC /* Products */,
			);
			sourceTree = "<group>";
		};
		F7E3325F27ADAD9600333EDC /* Products */ = {
			isa = PBXGroup;
			children = (
				F7E3325E27ADAD9600333EDC /* Blockalicious.app */,
				F7E3328027AE3B2E00333EDC /* Content Blocker.appex */,
				11BF5B032853783A00E3490A /* Blockalicious-iOS.app */,
				11BF5B1B285378E100E3490A /* Content Blocker-iOS.appex */,
			);
			name = Products;
			sourceTree = "<group>";
		};
		F7E3326027ADAD9600333EDC /* Blockalicious */ = {
			isa = PBXGroup;
			children = (
				F7E3327927ADBDA800333EDC /* Assets */,
				F7E3327627ADB88400333EDC /* Extensions */,
				F7E3327027ADAE6000333EDC /* Models */,
				F7E3327327ADB85900333EDC /* View Models */,
				B3C5B1261B48B90677A100FF /* Views */,
				F7E3326127ADAD9600333EDC /* BlockaliciousApp.swift */,
				1160B8F72EC4E0BA009162D5 /* AppIcon.icon */,
				F7E3326527ADAD9700333EDC /* Assets.xcassets */,
				F7E3326A27ADAD9700333EDC /* Blockalicious.entitlements */,
				F7E3329227AE3C5300333EDC /* Info.plist */,
			);
			path = Blockalicious;
			sourceTree = "<group>";
		};
		F7E3327027ADAE6000333EDC /* Models */ = {
			isa = PBXGroup;
			children = (
				F7E3327127ADAE7000333EDC /* BlockedDomain.swift */,
			);
			path = Models;
			sourceTree = "<group>";
		};
		F7E3327327ADB85900333EDC /* View Models */ = {
			isa = PBXGroup;
			children = (
				F7E3327427ADB86700333EDC /* BlockedDomainsVim.swift */,
			);
			path = "View Models";
			sourceTree = "<group>";
		};
		F7E3327627ADB88400333EDC /* Extensions */ = {
			isa = PBXGroup;
			children = (
				F7E3327727ADB89200333EDC /* Decoding.swift */,
				F7FC175829EB21E80055049C /* Notification.swift */,
			);
			path = Extensions;
			sourceTree = "<group>";
		};
		F7E3327927ADBDA800333EDC /* Assets */ = {
			isa = PBXGroup;
			children = (
				F7E3327A27ADBDCA00333EDC /* DomainsPreseed.json */,
				B3C5B453B95250DC7DE8B4D5 /* BlockerListWriter.swift */,
			);
			path = Assets;
			sourceTree = "<group>";
		};
		F7E3328127AE3B2E00333EDC /* Frameworks */ = {
			isa = PBXGroup;
			children = (
				F7E3328227AE3B2E00333EDC /* Cocoa.framework */,
			);
			name = Frameworks;
			sourceTree = "<group>";
		};
		F7E3328427AE3B2E00333EDC /* Content Blocker */ = {
			isa = PBXGroup;
			children = (
				F7E3328727AE3B2E00333EDC /* ContentBlockerRequestHandler.swift */,
				F7E3328927AE3B2E00333EDC /* Info.plist */,
				F7E3328A27AE3B2E00333EDC /* Content_Blocker.entitlements */,
				11BF5B292853792500E3490A /* Content Blocker-iOS.entitlements */,
			);
			path = "Content Blocker";
			sourceTree = "<group>";
		};
/* End PBXGroup section */

/* Begin PBXNativeTarget section */
		11BF5B022853783A00E3490A /* Blockalicious-iOS */ = {
			isa = PBXNativeTarget;
			buildConfigurationList = 11BF5B102853783B00E3490A /* Build configuration list for PBXNativeTarget "Blockalicious-iOS" */;
			buildPhases = (
				11BF5AFF2853783A00E3490A /* Sources */,
				11BF5B002853783A00E3490A /* Frameworks */,
				11BF5B012853783A00E3490A /* Resources */,
				11BF5B152853786500E3490A /* Embed Foundation Extensions */,
			);
			buildRules = (
			);
			dependencies = (
				11BF5B23285378E100E3490A /* PBXTargetDependency */,
			);
			name = "Blockalicious-iOS";
			packageProductDependencies = (
				11BF5B3728567CBB00E3490A /* CachedAsyncImage */,
			);
			productName = "Blockalicious-iOS";
			productReference = 11BF5B032853783A00E3490A /* Blockalicious-iOS.app */;
			productType = "com.apple.product-type.application";
		};
		11BF5B1A285378E100E3490A /* Content Blocker-iOS */ = {
			isa = PBXNativeTarget;
			buildConfigurationList = 11BF5B25285378E100E3490A /* Build configuration list for PBXNativeTarget "Content Blocker-iOS" */;
			buildPhases = (
				11BF5B17285378E100E3490A /* Sources */,
				11BF5B18285378E100E3490A /* Frameworks */,
				11BF5B19285378E100E3490A /* Resources */,
			);
			buildRules = (
			);
			dependencies = (
			);
			name = "Content Blocker-iOS";
			productName = "Content Blocker-iOS";
			productReference = 11BF5B1B285378E100E3490A /* Content Blocker-iOS.appex */;
			productType = "com.apple.product-type.app-extension";
		};
		F7E3325D27ADAD9600333EDC /* Blockalicious */ = {
			isa = PBXNativeTarget;
			buildConfigurationList = F7E3326D27ADAD9700333EDC /* Build configuration list for PBXNativeTarget "Blockalicious" */;
			buildPhases = (
				F7E3325A27ADAD9600333EDC /* Sources */,
				F7E3325B27ADAD9600333EDC /* Frameworks */,
				F7E3325C27ADAD9600333EDC /* Resources */,
				F7E3328E27AE3B2E00333EDC /* Embed Foundation Extensions */,
			);
			buildRules = (
			);
			dependencies = (
				F7E3328C27AE3B2E00333EDC /* PBXTargetDependency */,
			);
			name = Blockalicious;
			packageProductDependencies = (
				11BF5B3528567CA100E3490A /* CachedAsyncImage */,
			);
			productName = Blockalicious;
			productReference = F7E3325E27ADAD9600333EDC /* Blockalicious.app */;
			productType = "com.apple.product-type.application";
		};
		F7E3327F27AE3B2E00333EDC /* Content Blocker */ = {
			isa = PBXNativeTarget;
			buildConfigurationList = F7E3329127AE3B2E00333EDC /* Build configuration list for PBXNativeTarget "Content Blocker" */;
			buildPhases = (
				F7E3327C27AE3B2E00333EDC /* Sources */,
				F7E3327D27AE3B2E00333EDC /* Frameworks */,
				F7E3327E27AE3B2E00333EDC /* Resources */,
			);
			buildRules = (
			);
			dependencies = (
			);
			name = "Content Blocker";
			productName = "Content Blocker";
			productReference = F7E3328027AE3B2E00333EDC /* Content Blocker.appex */;
			productType = "com.apple.product-type.app-extension";
		};
/* End PBXNativeTarget section */

/* Begin PBXProject section */
		F7E3325627ADAD9600333EDC /* Project object */ = {
			isa = PBXProject;
			attributes = {
				BuildIndependentTargetsInParallel = 1;
				LastSwiftUpdateCheck = 1340;
				LastUpgradeCheck = 2610;
				TargetAttributes = {
					11BF5B022853783A00E3490A = {
						CreatedOnToolsVersion = 13.4.1;
					};
					11BF5B1A285378E100E3490A = {
						CreatedOnToolsVersion = 13.4.1;
					};
					F7E3325D27ADAD9600333EDC = {
						CreatedOnToolsVersion = 13.2.1;
					};
					F7E3327F27AE3B2E00333EDC = {
						CreatedOnToolsVersion = 13.2.1;
					};
				};
			};
			buildConfigurationList = F7E3325927ADAD9600333EDC /* Build configuration list for PBXProject "Blockalicious" */;
			compatibilityVersion = "Xcode 13.0";
			developmentRegion = en;
			hasScannedForEncodings = 0;
			knownRegions = (
				en,
				Base,
			);
			mainGroup = F7E3325527ADAD9600333EDC;
			packageReferences = (
				11BF5B3428567CA100E3490A /* XCRemoteSwiftPackageReference "swiftui-cached-async-image" */,
			);
			productRefGroup = F7E3325F27ADAD9600333EDC /* Products */;
			projectDirPath = "";
			projectRoot = "";
			targets = (
				F7E3325D27ADAD9600333EDC /* Blockalicious */,
				11BF5B022853783A00E3490A /* Blockalicious-iOS */,
				F7E3327F27AE3B2E00333EDC /* Content Blocker */,
				11BF5B1A285378E100E3490A /* Content Blocker-iOS */,
			);
		};
/* End PBXProject section */

/* Begin PBXResourcesBuildPhase section */
		11BF5B012853783A00E3490A /* Resources */ = {
			isa = PBXResourcesBuildPhase;
			buildActionMask = 2147483647;
			files = (
				11BF5B2B28537DCD00E3490A /* DomainsPreseed.json in Resources */,
				11BF5B0A2853783B00E3490A /* Assets.xcassets in Resources */,
				1160B8F82EC4E0BA009162D5 /* AppIcon.icon in Resources */,
			);
			runOnlyForDeploymentPostprocessing = 0;
		};
		11BF5B19285378E100E3490A /* Resources */ = {
			isa = PBXResourcesBuildPhase;
			buildActionMask = 2147483647;
			files = (
			);
			runOnlyForDeploymentPostprocessing = 0;
		};
		F7E3325C27ADAD9600333EDC /* Resources */ = {
			isa = PBXResourcesBuildPhase;
			buildActionMask = 2147483647;
			files = (
				F7E3327B27ADBDCA00333EDC /* DomainsPreseed.json in Resources */,
				F7E3326627ADAD9700333EDC /* Assets.xcassets in Resources */,
				1160B8F92EC4E0BA009162D5 /* AppIcon.icon in Resources */,
			);
			runOnlyForDeploymentPostprocessing = 0;
		};
		F7E3327E27AE3B2E00333EDC /* Resources */ = {
			isa = PBXResourcesBuildPhase;
			buildActionMask = 2147483647;
			files = (
			);
			runOnlyForDeploymentPostprocessing = 0;
		};
/* End PBXResourcesBuildPhase section */

/* Begin PBXSourcesBuildPhase section */
		11BF5AFF2853783A00E3490A /* Sources */ = {
			isa = PBXSourcesBuildPhase;
			buildActionMask = 2147483647;
			files = (
				11BF5B2E28537DE300E3490A /* Decoding.swift in Sources */,
				11BF5B082853783A00E3490A /* ContentView.swift in Sources */,
				11BF5B2C28537DD500E3490A /* BlockerListWriter.swift in Sources */,
				11BF5B2F28537DE800E3490A /* BlockedDomainsVim.swift in Sources */,
				11BF5B2D28537DDF00E3490A /* BlockedDomain.swift in Sources */,
				11BF5B062853783A00E3490A /* Blockalicious_iOSApp.swift in Sources */,
			);
			runOnlyForDeploymentPostprocessing = 0;
		};
		11BF5B17285378E100E3490A /* Sources */ = {
			isa = PBXSourcesBuildPhase;
			buildActionMask = 2147483647;
			files = (
				11BF5B282853791200E3490A /* ContentBlockerRequestHandler.swift in Sources */,
				11BF5B312853A45B00E3490A /* BlockerListWriter.swift in Sources */,
				11BF5B332853A46D00E3490A /* BlockedDomain.swift in Sources */,
			);
			runOnlyForDeploymentPostprocessing = 0;
		};
		F7E3325A27ADAD9600333EDC /* Sources */ = {
			isa = PBXSourcesBuildPhase;
			buildActionMask = 2147483647;
			files = (
				F7E3327827ADB89200333EDC /* Decoding.swift in Sources */,
				F7E3327527ADB86700333EDC /* BlockedDomainsVim.swift in Sources */,
				F7E3326227ADAD9600333EDC /* BlockaliciousApp.swift in Sources */,
				F7E3327227ADAE7000333EDC /* BlockedDomain.swift in Sources */,
				F7FC175929EB21E80055049C /* Notification.swift in Sources */,
				B3C5B33555D902922F4D1377 /* BlockerListWriter.swift in Sources */,
				B3C5B1BA09916A76623CC7CF /* ContentView.swift in Sources */,
				B3C5B8CFB43218731C9A9255 /* ExtensionDisabledView.swift in Sources */,
			);
			runOnlyForDeploymentPostprocessing = 0;
		};
		F7E3327C27AE3B2E00333EDC /* Sources */ = {
			isa = PBXSourcesBuildPhase;
			buildActionMask = 2147483647;
			files = (
				F7E3328827AE3B2E00333EDC /* ContentBlockerRequestHandler.swift in Sources */,
				11BF5B302853A45B00E3490A /* BlockerListWriter.swift in Sources */,
				11BF5B322853A46C00E3490A /* BlockedDomain.swift in Sources */,
			);
			runOnlyForDeploymentPostprocessing = 0;
		};
/* End PBXSourcesBuildPhase section */

/* Begin PBXTargetDependency section */
		11BF5B23285378E100E3490A /* PBXTargetDependency */ = {
			isa = PBXTargetDependency;
			target = 11BF5B1A285378E100E3490A /* Content Blocker-iOS */;
			targetProxy = 11BF5B22285378E100E3490A /* PBXContainerItemProxy */;
		};
		F7E3328C27AE3B2E00333EDC /* PBXTargetDependency */ = {
			isa = PBXTargetDependency;
			target = F7E3327F27AE3B2E00333EDC /* Content Blocker */;
			targetProxy = F7E3328B27AE3B2E00333EDC /* PBXContainerItemProxy */;
		};
/* End PBXTargetDependency section */

/* Begin XCBuildConfiguration section */
		11BF5B0E2853783B00E3490A /* Debug */ = {
			isa = XCBuildConfiguration;
			buildSettings = {
				ASSETCATALOG_COMPILER_APPICON_NAME = AppIcon;
				ASSETCATALOG_COMPILER_GLOBAL_ACCENT_COLOR_NAME = AccentColor;
				CODE_SIGN_ENTITLEMENTS = "Blockalicious-iOS/Blockalicious-iOS.entitlements";
				CODE_SIGN_STYLE = Automatic;
				CURRENT_PROJECT_VERSION = 1;
				ENABLE_PREVIEWS = YES;
				GENERATE_INFOPLIST_FILE = YES;
				INFOPLIST_FILE = "Blockalicious-iOS/Info.plist";
				INFOPLIST_KEY_CFBundleDisplayName = Blockalicious;
				INFOPLIST_KEY_LSApplicationCategoryType = "public.app-category.productivity";
				INFOPLIST_KEY_UIApplicationSceneManifest_Generation = YES;
				INFOPLIST_KEY_UIApplicationSupportsIndirectInputEvents = YES;
				INFOPLIST_KEY_UILaunchScreen_Generation = YES;
				INFOPLIST_KEY_UISupportedInterfaceOrientations_iPad = "UIInterfaceOrientationPortrait UIInterfaceOrientationPortraitUpsideDown UIInterfaceOrientationLandscapeLeft UIInterfaceOrientationLandscapeRight";
				INFOPLIST_KEY_UISupportedInterfaceOrientations_iPhone = "UIInterfaceOrientationPortrait UIInterfaceOrientationLandscapeLeft UIInterfaceOrientationLandscapeRight";
				IPHONEOS_DEPLOYMENT_TARGET = 15.0;
				LD_RUNPATH_SEARCH_PATHS = (
					"$(inherited)",
					"@executable_path/Frameworks",
				);
				MARKETING_VERSION = 2025.1;
				PRODUCT_BUNDLE_IDENTIFIER = ru.pukhanov.Blockalicious;
				PRODUCT_NAME = "$(TARGET_NAME)";
				SDKROOT = iphoneos;
				SWIFT_EMIT_LOC_STRINGS = YES;
				SWIFT_VERSION = 5.0;
				TARGETED_DEVICE_FAMILY = "1,2";
			};
			name = Debug;
		};
		11BF5B0F2853783B00E3490A /* Release */ = {
			isa = XCBuildConfiguration;
			buildSettings = {
				ASSETCATALOG_COMPILER_APPICON_NAME = AppIcon;
				ASSETCATALOG_COMPILER_GLOBAL_ACCENT_COLOR_NAME = AccentColor;
				CODE_SIGN_ENTITLEMENTS = "Blockalicious-iOS/Blockalicious-iOS.entitlements";
				CODE_SIGN_STYLE = Automatic;
				CURRENT_PROJECT_VERSION = 1;
				ENABLE_PREVIEWS = YES;
				GENERATE_INFOPLIST_FILE = YES;
				INFOPLIST_FILE = "Blockalicious-iOS/Info.plist";
				INFOPLIST_KEY_CFBundleDisplayName = Blockalicious;
				INFOPLIST_KEY_LSApplicationCategoryType = "public.app-category.productivity";
				INFOPLIST_KEY_UIApplicationSceneManifest_Generation = YES;
				INFOPLIST_KEY_UIApplicationSupportsIndirectInputEvents = YES;
				INFOPLIST_KEY_UILaunchScreen_Generation = YES;
				INFOPLIST_KEY_UISupportedInterfaceOrientations_iPad = "UIInterfaceOrientationPortrait UIInterfaceOrientationPortraitUpsideDown UIInterfaceOrientationLandscapeLeft UIInterfaceOrientationLandscapeRight";
				INFOPLIST_KEY_UISupportedInterfaceOrientations_iPhone = "UIInterfaceOrientationPortrait UIInterfaceOrientationLandscapeLeft UIInterfaceOrientationLandscapeRight";
				IPHONEOS_DEPLOYMENT_TARGET = 15.0;
				LD_RUNPATH_SEARCH_PATHS = (
					"$(inherited)",
					"@executable_path/Frameworks",
				);
				MARKETING_VERSION = 2025.1;
				PRODUCT_BUNDLE_IDENTIFIER = ru.pukhanov.Blockalicious;
				PRODUCT_NAME = "$(TARGET_NAME)";
				SDKROOT = iphoneos;
				SWIFT_EMIT_LOC_STRINGS = YES;
				SWIFT_VERSION = 5.0;
				TARGETED_DEVICE_FAMILY = "1,2";
				VALIDATE_PRODUCT = YES;
			};
			name = Release;
		};
		11BF5B26285378E100E3490A /* Debug */ = {
			isa = XCBuildConfiguration;
			buildSettings = {
				CODE_SIGN_ENTITLEMENTS = "Content Blocker/Content Blocker-iOS.entitlements";
				CODE_SIGN_STYLE = Automatic;
				CURRENT_PROJECT_VERSION = 1;
				GENERATE_INFOPLIST_FILE = YES;
				INFOPLIST_FILE = "Content Blocker/Info.plist";
				INFOPLIST_KEY_CFBundleDisplayName = "Content Blocker-iOS";
				INFOPLIST_KEY_NSHumanReadableCopyright = "";
				IPHONEOS_DEPLOYMENT_TARGET = 15.0;
				LD_RUNPATH_SEARCH_PATHS = (
					"$(inherited)",
					"@executable_path/Frameworks",
					"@executable_path/../../Frameworks",
				);
				MARKETING_VERSION = 2025.1;
				PRODUCT_BUNDLE_IDENTIFIER = "ru.pukhanov.Blockalicious.Content-Blocker-iOS";
				PRODUCT_NAME = "$(TARGET_NAME)";
				SDKROOT = iphoneos;
				SKIP_INSTALL = YES;
				SWIFT_EMIT_LOC_STRINGS = YES;
				SWIFT_VERSION = 5.0;
				TARGETED_DEVICE_FAMILY = "1,2";
			};
			name = Debug;
		};
		11BF5B27285378E100E3490A /* Release */ = {
			isa = XCBuildConfiguration;
			buildSettings = {
				CODE_SIGN_ENTITLEMENTS = "Content Blocker/Content Blocker-iOS.entitlements";
				CODE_SIGN_STYLE = Automatic;
				CURRENT_PROJECT_VERSION = 1;
				GENERATE_INFOPLIST_FILE = YES;
				INFOPLIST_FILE = "Content Blocker/Info.plist";
				INFOPLIST_KEY_CFBundleDisplayName = "Content Blocker-iOS";
				INFOPLIST_KEY_NSHumanReadableCopyright = "";
				IPHONEOS_DEPLOYMENT_TARGET = 15.0;
				LD_RUNPATH_SEARCH_PATHS = (
					"$(inherited)",
					"@executable_path/Frameworks",
					"@executable_path/../../Frameworks",
				);
				MARKETING_VERSION = 2025.1;
				PRODUCT_BUNDLE_IDENTIFIER = "ru.pukhanov.Blockalicious.Content-Blocker-iOS";
				PRODUCT_NAME = "$(TARGET_NAME)";
				SDKROOT = iphoneos;
				SKIP_INSTALL = YES;
				SWIFT_EMIT_LOC_STRINGS = YES;
				SWIFT_VERSION = 5.0;
				TARGETED_DEVICE_FAMILY = "1,2";
				VALIDATE_PRODUCT = YES;
			};
			name = Release;
		};
		F7E3326B27ADAD9700333EDC /* Debug */ = {
			isa = XCBuildConfiguration;
			buildSettings = {
				ALWAYS_SEARCH_USER_PATHS = NO;
				ASSETCATALOG_COMPILER_GENERATE_SWIFT_ASSET_SYMBOL_EXTENSIONS = YES;
				CLANG_ANALYZER_NONNULL = YES;
				CLANG_ANALYZER_NUMBER_OBJECT_CONVERSION = YES_AGGRESSIVE;
				CLANG_CXX_LANGUAGE_STANDARD = "gnu++17";
				CLANG_CXX_LIBRARY = "libc++";
				CLANG_ENABLE_MODULES = YES;
				CLANG_ENABLE_OBJC_ARC = YES;
				CLANG_ENABLE_OBJC_WEAK = YES;
				CLANG_WARN_BLOCK_CAPTURE_AUTORELEASING = YES;
				CLANG_WARN_BOOL_CONVERSION = YES;
				CLANG_WARN_COMMA = YES;
				CLANG_WARN_CONSTANT_CONVERSION = YES;
				CLANG_WARN_DEPRECATED_OBJC_IMPLEMENTATIONS = YES;
				CLANG_WARN_DIRECT_OBJC_ISA_USAGE = YES_ERROR;
				CLANG_WARN_DOCUMENTATION_COMMENTS = YES;
				CLANG_WARN_EMPTY_BODY = YES;
				CLANG_WARN_ENUM_CONVERSION = YES;
				CLANG_WARN_INFINITE_RECURSION = YES;
				CLANG_WARN_INT_CONVERSION = YES;
				CLANG_WARN_NON_LITERAL_NULL_CONVERSION = YES;
				CLANG_WARN_OBJC_IMPLICIT_RETAIN_SELF = YES;
				CLANG_WARN_OBJC_LITERAL_CONVERSION = YES;
				CLANG_WARN_OBJC_ROOT_CLASS = YES_ERROR;
				CLANG_WARN_QUOTED_INCLUDE_IN_FRAMEWORK_HEADER = YES;
				CLANG_WARN_RANGE_LOOP_ANALYSIS = YES;
				CLANG_WARN_STRICT_PROTOTYPES = YES;
				CLANG_WARN_SUSPICIOUS_MOVE = YES;
				CLANG_WARN_UNGUARDED_AVAILABILITY = YES_AGGRESSIVE;
				CLANG_WARN_UNREACHABLE_CODE = YES;
				CLANG_WARN__DUPLICATE_METHOD_MATCH = YES;
				COPY_PHASE_STRIP = NO;
				DEAD_CODE_STRIPPING = YES;
				DEBUG_INFORMATION_FORMAT = dwarf;
				DEVELOPMENT_TEAM = BFJQQT3YDX;
				ENABLE_STRICT_OBJC_MSGSEND = YES;
				ENABLE_TESTABILITY = YES;
				ENABLE_USER_SCRIPT_SANDBOXING = YES;
				GCC_C_LANGUAGE_STANDARD = gnu11;
				GCC_DYNAMIC_NO_PIC = NO;
				GCC_NO_COMMON_BLOCKS = YES;
				GCC_OPTIMIZATION_LEVEL = 0;
				GCC_PREPROCESSOR_DEFINITIONS = (
					"DEBUG=1",
					"$(inherited)",
				);
				GCC_WARN_64_TO_32_BIT_CONVERSION = YES;
				GCC_WARN_ABOUT_RETURN_TYPE = YES_ERROR;
				GCC_WARN_UNDECLARED_SELECTOR = YES;
				GCC_WARN_UNINITIALIZED_AUTOS = YES_AGGRESSIVE;
				GCC_WARN_UNUSED_FUNCTION = YES;
				GCC_WARN_UNUSED_VARIABLE = YES;
				IPHONEOS_DEPLOYMENT_TARGET = 14.0;
				MACOSX_DEPLOYMENT_TARGET = 12.0;
				MTL_ENABLE_DEBUG_INFO = INCLUDE_SOURCE;
				MTL_FAST_MATH = YES;
				ONLY_ACTIVE_ARCH = YES;
				SDKROOT = macosx;
				STRING_CATALOG_GENERATE_SYMBOLS = YES;
				SWIFT_ACTIVE_COMPILATION_CONDITIONS = DEBUG;
				SWIFT_OPTIMIZATION_LEVEL = "-Onone";
			};
			name = Debug;
		};
		F7E3326C27ADAD9700333EDC /* Release */ = {
			isa = XCBuildConfiguration;
			buildSettings = {
				ALWAYS_SEARCH_USER_PATHS = NO;
				ASSETCATALOG_COMPILER_GENERATE_SWIFT_ASSET_SYMBOL_EXTENSIONS = YES;
				CLANG_ANALYZER_NONNULL = YES;
				CLANG_ANALYZER_NUMBER_OBJECT_CONVERSION = YES_AGGRESSIVE;
				CLANG_CXX_LANGUAGE_STANDARD = "gnu++17";
				CLANG_CXX_LIBRARY = "libc++";
				CLANG_ENABLE_MODULES = YES;
				CLANG_ENABLE_OBJC_ARC = YES;
				CLANG_ENABLE_OBJC_WEAK = YES;
				CLANG_WARN_BLOCK_CAPTURE_AUTORELEASING = YES;
				CLANG_WARN_BOOL_CONVERSION = YES;
				CLANG_WARN_COMMA = YES;
				CLANG_WARN_CONSTANT_CONVERSION = YES;
				CLANG_WARN_DEPRECATED_OBJC_IMPLEMENTATIONS = YES;
				CLANG_WARN_DIRECT_OBJC_ISA_USAGE = YES_ERROR;
				CLANG_WARN_DOCUMENTATION_COMMENTS = YES;
				CLANG_WARN_EMPTY_BODY = YES;
				CLANG_WARN_ENUM_CONVERSION = YES;
				CLANG_WARN_INFINITE_RECURSION = YES;
				CLANG_WARN_INT_CONVERSION = YES;
				CLANG_WARN_NON_LITERAL_NULL_CONVERSION = YES;
				CLANG_WARN_OBJC_IMPLICIT_RETAIN_SELF = YES;
				CLANG_WARN_OBJC_LITERAL_CONVERSION = YES;
				CLANG_WARN_OBJC_ROOT_CLASS = YES_ERROR;
				CLANG_WARN_QUOTED_INCLUDE_IN_FRAMEWORK_HEADER = YES;
				CLANG_WARN_RANGE_LOOP_ANALYSIS = YES;
				CLANG_WARN_STRICT_PROTOTYPES = YES;
				CLANG_WARN_SUSPICIOUS_MOVE = YES;
				CLANG_WARN_UNGUARDED_AVAILABILITY = YES_AGGRESSIVE;
				CLANG_WARN_UNREACHABLE_CODE = YES;
				CLANG_WARN__DUPLICATE_METHOD_MATCH = YES;
				COPY_PHASE_STRIP = NO;
				DEAD_CODE_STRIPPING = YES;
				DEBUG_INFORMATION_FORMAT = "dwarf-with-dsym";
				DEVELOPMENT_TEAM = BFJQQT3YDX;
				ENABLE_NS_ASSERTIONS = NO;
				ENABLE_STRICT_OBJC_MSGSEND = YES;
				ENABLE_USER_SCRIPT_SANDBOXING = YES;
				GCC_C_LANGUAGE_STANDARD = gnu11;
				GCC_NO_COMMON_BLOCKS = YES;
				GCC_WARN_64_TO_32_BIT_CONVERSION = YES;
				GCC_WARN_ABOUT_RETURN_TYPE = YES_ERROR;
				GCC_WARN_UNDECLARED_SELECTOR = YES;
				GCC_WARN_UNINITIALIZED_AUTOS = YES_AGGRESSIVE;
				GCC_WARN_UNUSED_FUNCTION = YES;
				GCC_WARN_UNUSED_VARIABLE = YES;
				IPHONEOS_DEPLOYMENT_TARGET = 14.0;
				MACOSX_DEPLOYMENT_TARGET = 12.0;
				MTL_ENABLE_DEBUG_INFO = NO;
				MTL_FAST_MATH = YES;
				SDKROOT = macosx;
				STRING_CATALOG_GENERATE_SYMBOLS = YES;
				SWIFT_COMPILATION_MODE = wholemodule;
				SWIFT_OPTIMIZATION_LEVEL = "-O";
			};
			name = Release;
		};
		F7E3326E27ADAD9700333EDC /* Debug */ = {
			isa = XCBuildConfiguration;
			buildSettings = {
				ASSETCATALOG_COMPILER_APPICON_NAME = AppIcon;
				ASSETCATALOG_COMPILER_GLOBAL_ACCENT_COLOR_NAME = AccentColor;
				CODE_SIGN_ENTITLEMENTS = Blockalicious/Blockalicious.entitlements;
				CODE_SIGN_IDENTITY = "Apple Development";
				CODE_SIGN_STYLE = Automatic;
				COMBINE_HIDPI_IMAGES = YES;
				CURRENT_PROJECT_VERSION = 30;
				DEAD_CODE_STRIPPING = YES;
				ENABLE_APP_SANDBOX = YES;
				ENABLE_HARDENED_RUNTIME = YES;
				ENABLE_INCOMING_NETWORK_CONNECTIONS = NO;
				ENABLE_OUTGOING_NETWORK_CONNECTIONS = YES;
				ENABLE_PREVIEWS = YES;
				ENABLE_RESOURCE_ACCESS_AUDIO_INPUT = NO;
				ENABLE_RESOURCE_ACCESS_BLUETOOTH = NO;
				ENABLE_RESOURCE_ACCESS_CALENDARS = NO;
				ENABLE_RESOURCE_ACCESS_CAMERA = NO;
				ENABLE_RESOURCE_ACCESS_CONTACTS = NO;
				ENABLE_RESOURCE_ACCESS_LOCATION = NO;
				ENABLE_RESOURCE_ACCESS_PRINTING = NO;
				ENABLE_RESOURCE_ACCESS_USB = NO;
				GENERATE_INFOPLIST_FILE = YES;
				INFOPLIST_FILE = Blockalicious/Info.plist;
				INFOPLIST_KEY_CFBundleDisplayName = Blockalicious;
				INFOPLIST_KEY_ITSAppUsesNonExemptEncryption = NO;
				INFOPLIST_KEY_LSApplicationCategoryType = "public.app-category.productivity";
				INFOPLIST_KEY_NSHumanReadableCopyright = "2022 Vyacheslav Pukhanov";
				LD_RUNPATH_SEARCH_PATHS = (
					"$(inherited)",
					"@executable_path/../Frameworks",
				);
				MACOSX_DEPLOYMENT_TARGET = 12.0;
				MARKETING_VERSION = 2025.1;
				PRODUCT_BUNDLE_IDENTIFIER = ru.pukhanov.Blockalicious;
				PRODUCT_NAME = "$(TARGET_NAME)";
				PROVISIONING_PROFILE_SPECIFIER = "";
				REGISTER_APP_GROUPS = YES;
				SWIFT_EMIT_LOC_STRINGS = YES;
				SWIFT_VERSION = 5.0;
			};
			name = Debug;
		};
		F7E3326F27ADAD9700333EDC /* Release */ = {
			isa = XCBuildConfiguration;
			buildSettings = {
				ASSETCATALOG_COMPILER_APPICON_NAME = AppIcon;
				ASSETCATALOG_COMPILER_GLOBAL_ACCENT_COLOR_NAME = AccentColor;
				CODE_SIGN_ENTITLEMENTS = Blockalicious/Blockalicious.entitlements;
				CODE_SIGN_IDENTITY = "Apple Development";
				CODE_SIGN_STYLE = Automatic;
				COMBINE_HIDPI_IMAGES = YES;
				CURRENT_PROJECT_VERSION = 30;
				DEAD_CODE_STRIPPING = YES;
				ENABLE_APP_SANDBOX = YES;
				ENABLE_HARDENED_RUNTIME = YES;
				ENABLE_INCOMING_NETWORK_CONNECTIONS = NO;
				ENABLE_OUTGOING_NETWORK_CONNECTIONS = YES;
				ENABLE_PREVIEWS = YES;
				ENABLE_RESOURCE_ACCESS_AUDIO_INPUT = NO;
				ENABLE_RESOURCE_ACCESS_BLUETOOTH = NO;
				ENABLE_RESOURCE_ACCESS_CALENDARS = NO;
				ENABLE_RESOURCE_ACCESS_CAMERA = NO;
				ENABLE_RESOURCE_ACCESS_CONTACTS = NO;
				ENABLE_RESOURCE_ACCESS_LOCATION = NO;
				ENABLE_RESOURCE_ACCESS_PRINTING = NO;
				ENABLE_RESOURCE_ACCESS_USB = NO;
				GENERATE_INFOPLIST_FILE = YES;
				INFOPLIST_FILE = Blockalicious/Info.plist;
				INFOPLIST_KEY_CFBundleDisplayName = Blockalicious;
				INFOPLIST_KEY_ITSAppUsesNonExemptEncryption = NO;
				INFOPLIST_KEY_LSApplicationCategoryType = "public.app-category.productivity";
				INFOPLIST_KEY_NSHumanReadableCopyright = "2022 Vyacheslav Pukhanov";
				LD_RUNPATH_SEARCH_PATHS = (
					"$(inherited)",
					"@executable_path/../Frameworks",
				);
				MACOSX_DEPLOYMENT_TARGET = 12.0;
				MARKETING_VERSION = 2025.1;
				PRODUCT_BUNDLE_IDENTIFIER = ru.pukhanov.Blockalicious;
				PRODUCT_NAME = "$(TARGET_NAME)";
				PROVISIONING_PROFILE_SPECIFIER = "";
				REGISTER_APP_GROUPS = YES;
				SWIFT_EMIT_LOC_STRINGS = YES;
				SWIFT_VERSION = 5.0;
			};
			name = Release;
		};
		F7E3328F27AE3B2E00333EDC /* Debug */ = {
			isa = XCBuildConfiguration;
			buildSettings = {
				CODE_SIGN_ENTITLEMENTS = "Content Blocker/Content_Blocker.entitlements";
				CODE_SIGN_IDENTITY = "Apple Development";
				CODE_SIGN_STYLE = Automatic;
				CURRENT_PROJECT_VERSION = 30;
				DEAD_CODE_STRIPPING = YES;
				ENABLE_APP_SANDBOX = YES;
				ENABLE_HARDENED_RUNTIME = YES;
				ENABLE_INCOMING_NETWORK_CONNECTIONS = NO;
				ENABLE_OUTGOING_NETWORK_CONNECTIONS = NO;
				ENABLE_RESOURCE_ACCESS_AUDIO_INPUT = NO;
				ENABLE_RESOURCE_ACCESS_BLUETOOTH = NO;
				ENABLE_RESOURCE_ACCESS_CALENDARS = NO;
				ENABLE_RESOURCE_ACCESS_CAMERA = NO;
				ENABLE_RESOURCE_ACCESS_CONTACTS = NO;
				ENABLE_RESOURCE_ACCESS_LOCATION = NO;
				ENABLE_RESOURCE_ACCESS_PRINTING = NO;
				ENABLE_RESOURCE_ACCESS_USB = NO;
				GENERATE_INFOPLIST_FILE = YES;
				INFOPLIST_FILE = "Content Blocker/Info.plist";
				INFOPLIST_KEY_CFBundleDisplayName = Blockalicious;
				INFOPLIST_KEY_NSHumanReadableCopyright = "2022 Vyacheslav Pukhanov";
				LD_RUNPATH_SEARCH_PATHS = (
					"$(inherited)",
					"@executable_path/../Frameworks",
					"@executable_path/../../../../Frameworks",
				);
				MARKETING_VERSION = 2025.1;
				PRODUCT_BUNDLE_IDENTIFIER = "ru.pukhanov.Blockalicious.Content-Blocker";
				PRODUCT_NAME = "$(TARGET_NAME)";
				PROVISIONING_PROFILE_SPECIFIER = "";
				REGISTER_APP_GROUPS = YES;
				SKIP_INSTALL = YES;
				SWIFT_EMIT_LOC_STRINGS = YES;
				SWIFT_VERSION = 5.0;
			};
			name = Debug;
		};
		F7E3329027AE3B2E00333EDC /* Release */ = {
			isa = XCBuildConfiguration;
			buildSettings = {
				CODE_SIGN_ENTITLEMENTS = "Content Blocker/Content_Blocker.entitlements";
				CODE_SIGN_IDENTITY = "Apple Development";
				CODE_SIGN_STYLE = Automatic;
				CURRENT_PROJECT_VERSION = 30;
				DEAD_CODE_STRIPPING = YES;
				ENABLE_APP_SANDBOX = YES;
				ENABLE_HARDENED_RUNTIME = YES;
				ENABLE_INCOMING_NETWORK_CONNECTIONS = NO;
				ENABLE_OUTGOING_NETWORK_CONNECTIONS = NO;
				ENABLE_RESOURCE_ACCESS_AUDIO_INPUT = NO;
				ENABLE_RESOURCE_ACCESS_BLUETOOTH = NO;
				ENABLE_RESOURCE_ACCESS_CALENDARS = NO;
				ENABLE_RESOURCE_ACCESS_CAMERA = NO;
				ENABLE_RESOURCE_ACCESS_CONTACTS = NO;
				ENABLE_RESOURCE_ACCESS_LOCATION = NO;
				ENABLE_RESOURCE_ACCESS_PRINTING = NO;
				ENABLE_RESOURCE_ACCESS_USB = NO;
				GENERATE_INFOPLIST_FILE = YES;
				INFOPLIST_FILE = "Content Blocker/Info.plist";
				INFOPLIST_KEY_CFBundleDisplayName = Blockalicious;
				INFOPLIST_KEY_NSHumanReadableCopyright = "2022 Vyacheslav Pukhanov";
				LD_RUNPATH_SEARCH_PATHS = (
					"$(inherited)",
					"@executable_path/../Frameworks",
					"@executable_path/../../../../Frameworks",
				);
				MARKETING_VERSION = 2025.1;
				PRODUCT_BUNDLE_IDENTIFIER = "ru.pukhanov.Blockalicious.Content-Blocker";
				PRODUCT_NAME = "$(TARGET_NAME)";
				PROVISIONING_PROFILE_SPECIFIER = "";
				REGISTER_APP_GROUPS = YES;
				SKIP_INSTALL = YES;
				SWIFT_EMIT_LOC_STRINGS = YES;
				SWIFT_VERSION = 5.0;
			};
			name = Release;
		};
/* End XCBuildConfiguration section */

/* Begin XCConfigurationList section */
		11BF5B102853783B00E3490A /* Build configuration list for PBXNativeTarget "Blockalicious-iOS" */ = {
			isa = XCConfigurationList;
			buildConfigurations = (
				11BF5B0E2853783B00E3490A /* Debug */,
				11BF5B0F2853783B00E3490A /* Release */,
			);
			defaultConfigurationIsVisible = 0;
			defaultConfigurationName = Release;
		};
		11BF5B25285378E100E3490A /* Build configuration list for PBXNativeTarget "Content Blocker-iOS" */ = {
			isa = XCConfigurationList;
			buildConfigurations = (
				11BF5B26285378E100E3490A /* Debug */,
				11BF5B27285378E100E3490A /* Release */,
			);
			defaultConfigurationIsVisible = 0;
			defaultConfigurationName = Release;
		};
		F7E3325927ADAD9600333EDC /* Build configuration list for PBXProject "Blockalicious" */ = {
			isa = XCConfigurationList;
			buildConfigurations = (
				F7E3326B27ADAD9700333EDC /* Debug */,
				F7E3326C27ADAD9700333EDC /* Release */,
			);
			defaultConfigurationIsVisible = 0;
			defaultConfigurationName = Release;
		};
		F7E3326D27ADAD9700333EDC /* Build configuration list for PBXNativeTarget "Blockalicious" */ = {
			isa = XCConfigurationList;
			buildConfigurations = (
				F7E3326E27ADAD9700333EDC /* Debug */,
				F7E3326F27ADAD9700333EDC /* Release */,
			);
			defaultConfigurationIsVisible = 0;
			defaultConfigurationName = Release;
		};
		F7E3329127AE3B2E00333EDC /* Build configuration list for PBXNativeTarget "Content Blocker" */ = {
			isa = XCConfigurationList;
			buildConfigurations = (
				F7E3328F27AE3B2E00333EDC /* Debug */,
				F7E3329027AE3B2E00333EDC /* Release */,
			);
			defaultConfigurationIsVisible = 0;
			defaultConfigurationName = Release;
		};
/* End XCConfigurationList section */

/* Begin XCRemoteSwiftPackageReference section */
		11BF5B3428567CA100E3490A /* XCRemoteSwiftPackageReference "swiftui-cached-async-image" */ = {
			isa = XCRemoteSwiftPackageReference;
			repositoryURL = "https://github.com/lorenzofiamingo/swiftui-cached-async-image";
			requirement = {
				kind = upToNextMajorVersion;
				minimumVersion = 2.0.0;
			};
		};
/* End XCRemoteSwiftPackageReference section */

/* Begin XCSwiftPackageProductDependency section */
		11BF5B3528567CA100E3490A /* CachedAsyncImage */ = {
			isa = XCSwiftPackageProductDependency;
			package = 11BF5B3428567CA100E3490A /* XCRemoteSwiftPackageReference "swiftui-cached-async-image" */;
			productName = CachedAsyncImage;
		};
		11BF5B3728567CBB00E3490A /* CachedAsyncImage */ = {
			isa = XCSwiftPackageProductDependency;
			package = 11BF5B3428567CA100E3490A /* XCRemoteSwiftPackageReference "swiftui-cached-async-image" */;
			productName = CachedAsyncImage;
		};
/* End XCSwiftPackageProductDependency section */
	};
	rootObject = F7E3325627ADAD9600333EDC /* Project object */;
}
