<?xml version="1.0" encoding="UTF-8"?>
<Scheme
   version = "1.3"
   wasCreatedForAppExtension = "YES">
   <BuildAction>
      <BuildActionEntries>
         <BuildActionEntry
            buildForRunning = "YES">
            <BuildableReference
               BuildableIdentifier = "primary"
               BlueprintIdentifier = "F7E3327F27AE3B2E00333EDC"
               BuildableName = "Content Blocker.appex"
               BlueprintName = "Content Blocker"
               ReferencedContainer = "container:Blockalicious.xcodeproj">
            </BuildableReference>
         </BuildActionEntry>
         <BuildActionEntry
            buildForRunning = "YES">
            <BuildableReference
               BuildableIdentifier = "primary"
               BlueprintIdentifier = "F7E3325D27ADAD9600333EDC"
               BuildableName = "Blockalicious.app"
               BlueprintName = "Blockalicious"
               ReferencedContainer = "container:Blockalicious.xcodeproj">
            </BuildableReference>
         </BuildActionEntry>
      </BuildActionEntries>
   </BuildAction>
   <LaunchAction
      useCustomWorkingDirectory = "NO"
      buildConfiguration = "Debug"
      allowLocationSimulation = "YES"
      launchAutomaticallySubstyle = "2">
      <LocationScenarioReference
         identifier = "com.apple.dt.IDEFoundation.CurrentLocationScenarioIdentifier"
         referenceType = "1">
      </LocationScenarioReference>
   </LaunchAction>
</Scheme>
